Microsoft Visual Studio Solution File, Format Version 12.00
# Visual Studio 15
VisualStudioVersion = 15.0.26124.0
MinimumVisualStudioVersion = 15.0.26124.0
Project("{FAE04EC0-301F-11D3-BF4B-00C04F79EFBC}") = "XCore.Client", "Client\XCore.Client.csproj", "{C9A7E9B9-77CF-4C25-89B6-B1E0F32E0C21}"
EndProject
Project("{FAE04EC0-301F-11D3-BF4B-00C04F79EFBC}") = "XCore.Server", "Server\XCore.Server.csproj", "{9BA2A589-11AB-4FC0-8B7F-403E0DEDFE0F}"
EndProject
Global
	GlobalSection(SolutionConfigurationPlatforms) = preSolution
		Debug|Any CPU = Debug|Any CPU
		Release|Any CPU = Release|Any CPU
	EndGlobalSection
	GlobalSection(SolutionProperties) = preSolution
		HideSolutionNode = FALSE
	EndGlobalSection
	GlobalSection(ProjectConfigurationPlatforms) = postSolution
		{C9A7E9B9-77CF-4C25-89B6-B1E0F32E0C21}.Debug|Any CPU.ActiveCfg = Debug|Any CPU
		{C9A7E9B9-77CF-4C25-89B6-B1E0F32E0C21}.Debug|Any CPU.Build.0 = Debug|Any CPU
		{C9A7E9B9-77CF-4C25-89B6-B1E0F32E0C21}.Release|Any CPU.ActiveCfg = Release|Any CPU
		{C9A7E9B9-77CF-4C25-89B6-B1E0F32E0C21}.Release|Any CPU.Build.0 = Release|Any CPU
		{9BA2A589-11AB-4FC0-8B7F-403E0DEDFE0F}.Debug|Any CPU.ActiveCfg = Debug|Any CPU
		{9BA2A589-11AB-4FC0-8B7F-403E0DEDFE0F}.Debug|Any CPU.Build.0 = Debug|Any CPU
		{9BA2A589-11AB-4FC0-8B7F-403E0DEDFE0F}.Release|Any CPU.ActiveCfg = Release|Any CPU
		{9BA2A589-11AB-4FC0-8B7F-403E0DEDFE0F}.Release|Any CPU.Build.0 = Release|Any CPU
	EndGlobalSection
EndGlobal
